
Microsoft Visual Studio Solution File, Format Version 12.00
# Visual Studio Version 16
VisualStudioVersion = 16.0.30011.22
MinimumVisualStudioVersion = 10.0.40219.1
Project("{FAE04EC0-301F-11D3-BF4B-00C04F79EFBC}") = "Tipo_Paginas_XF.UWP", "Tipo_Paginas_XF\Tipo_Paginas_XF.UWP\Tipo_Paginas_XF.UWP.csproj", "{D599FA71-73A2-482F-A682-17EBBD6B15AE}"
EndProject
Project("{FAE04EC0-301F-11D3-BF4B-00C04F79EFBC}") = "Tipo_Paginas_XF.Android", "Tipo_Paginas_XF\Tipo_Paginas_XF.Android\Tipo_Paginas_XF.Android.csproj", "{4F619539-3E10-4942-B702-5CFAEE2BA8DE}"
EndProject
Project("{FAE04EC0-301F-11D3-BF4B-00C04F79EFBC}") = "Tipo_Paginas_XF.iOS", "Tipo_Paginas_XF\Tipo_Paginas_XF.iOS\Tipo_Paginas_XF.iOS.csproj", "{7E3A1D4B-E9D3-478B-82F1-9C8B207A895B}"
EndProject
Project("{FAE04EC0-301F-11D3-BF4B-00C04F79EFBC}") = "Tipo_Paginas_XF", "Tipo_Paginas_XF\Tipo_Paginas_XF\Tipo_Paginas_XF.csproj", "{63E07B10-C6A1-4BBB-9E9A-64B28799BE75}"
EndProject
Global
	GlobalSection(SolutionConfigurationPlatforms) = preSolution
		Debug|Any CPU = Debug|Any CPU
		Debug|ARM = Debug|ARM
		Debug|iPhone = Debug|iPhone
		Debug|iPhoneSimulator = Debug|iPhoneSimulator
		Debug|x64 = Debug|x64
		Debug|x86 = Debug|x86
		Release|Any CPU = Release|Any CPU
		Release|ARM = Release|ARM
		Release|iPhone = Release|iPhone
		Release|iPhoneSimulator = Release|iPhoneSimulator
		Release|x64 = Release|x64
		Release|x86 = Release|x86
	EndGlobalSection
	GlobalSection(ProjectConfigurationPlatforms) = postSolution
		{D599FA71-73A2-482F-A682-17EBBD6B15AE}.Debug|Any CPU.ActiveCfg = Debug|x86
		{D599FA71-73A2-482F-A682-17EBBD6B15AE}.Debug|Any CPU.Build.0 = Debug|x86
		{D599FA71-73A2-482F-A682-17EBBD6B15AE}.Debug|Any CPU.Deploy.0 = Debug|x86
		{D599FA71-73A2-482F-A682-17EBBD6B15AE}.Debug|ARM.ActiveCfg = Debug|ARM
		{D599FA71-73A2-482F-A682-17EBBD6B15AE}.Debug|ARM.Build.0 = Debug|ARM
		{D599FA71-73A2-482F-A682-17EBBD6B15AE}.Debug|ARM.Deploy.0 = Debug|ARM
		{D599FA71-73A2-482F-A682-17EBBD6B15AE}.Debug|iPhone.ActiveCfg = Debug|x86
		{D599FA71-73A2-482F-A682-17EBBD6B15AE}.Debug|iPhone.Build.0 = Debug|x86
		{D599FA71-73A2-482F-A682-17EBBD6B15AE}.Debug|iPhone.Deploy.0 = Debug|x86
		{D599FA71-73A2-482F-A682-17EBBD6B15AE}.Debug|iPhoneSimulator.ActiveCfg = Debug|x86
		{D599FA71-73A2-482F-A682-17EBBD6B15AE}.Debug|iPhoneSimulator.Build.0 = Debug|x86
		{D599FA71-73A2-482F-A682-17EBBD6B15AE}.Debug|iPhoneSimulator.Deploy.0 = Debug|x86
		{D599FA71-73A2-482F-A682-17EBBD6B15AE}.Debug|x64.ActiveCfg = Debug|x64
		{D599FA71-73A2-482F-A682-17EBBD6B15AE}.Debug|x64.Build.0 = Debug|x64
		{D599FA71-73A2-482F-A682-17EBBD6B15AE}.Debug|x64.Deploy.0 = Debug|x64
		{D599FA71-73A2-482F-A682-17EBBD6B15AE}.Debug|x86.ActiveCfg = Debug|x86
		{D599FA71-73A2-482F-A682-17EBBD6B15AE}.Debug|x86.Build.0 = Debug|x86
		{D599FA71-73A2-482F-A682-17EBBD6B15AE}.Debug|x86.Deploy.0 = Debug|x86
		{D599FA71-73A2-482F-A682-17EBBD6B15AE}.Release|Any CPU.ActiveCfg = Release|x86
		{D599FA71-73A2-482F-A682-17EBBD6B15AE}.Release|Any CPU.Build.0 = Release|x86
		{D599FA71-73A2-482F-A682-17EBBD6B15AE}.Release|Any CPU.Deploy.0 = Release|x86
		{D599FA71-73A2-482F-A682-17EBBD6B15AE}.Release|ARM.ActiveCfg = Release|ARM
		{D599FA71-73A2-482F-A682-17EBBD6B15AE}.Release|ARM.Build.0 = Release|ARM
		{D599FA71-73A2-482F-A682-17EBBD6B15AE}.Release|ARM.Deploy.0 = Release|ARM
		{D599FA71-73A2-482F-A682-17EBBD6B15AE}.Release|iPhone.ActiveCfg = Release|x86
		{D599FA71-73A2-482F-A682-17EBBD6B15AE}.Release|iPhone.Build.0 = Release|x86
		{D599FA71-73A2-482F-A682-17EBBD6B15AE}.Release|iPhone.Deploy.0 = Release|x86
		{D599FA71-73A2-482F-A682-17EBBD6B15AE}.Release|iPhoneSimulator.ActiveCfg = Release|x86
		{D599FA71-73A2-482F-A682-17EBBD6B15AE}.Release|iPhoneSimulator.Build.0 = Release|x86
		{D599FA71-73A2-482F-A682-17EBBD6B15AE}.Release|iPhoneSimulator.Deploy.0 = Release|x86
		{D599FA71-73A2-482F-A682-17EBBD6B15AE}.Release|x64.ActiveCfg = Release|x64
		{D599FA71-73A2-482F-A682-17EBBD6B15AE}.Release|x64.Build.0 = Release|x64
		{D599FA71-73A2-482F-A682-17EBBD6B15AE}.Release|x64.Deploy.0 = Release|x64
		{D599FA71-73A2-482F-A682-17EBBD6B15AE}.Release|x86.ActiveCfg = Release|x86
		{D599FA71-73A2-482F-A682-17EBBD6B15AE}.Release|x86.Build.0 = Release|x86
		{D599FA71-73A2-482F-A682-17EBBD6B15AE}.Release|x86.Deploy.0 = Release|x86
		{4F619539-3E10-4942-B702-5CFAEE2BA8DE}.Debug|Any CPU.ActiveCfg = Debug|Any CPU
		{4F619539-3E10-4942-B702-5CFAEE2BA8DE}.Debug|Any CPU.Build.0 = Debug|Any CPU
		{4F619539-3E10-4942-B702-5CFAEE2BA8DE}.Debug|Any CPU.Deploy.0 = Debug|Any CPU
		{4F619539-3E10-4942-B702-5CFAEE2BA8DE}.Debug|ARM.ActiveCfg = Debug|Any CPU
		{4F619539-3E10-4942-B702-5CFAEE2BA8DE}.Debug|ARM.Build.0 = Debug|Any CPU
		{4F619539-3E10-4942-B702-5CFAEE2BA8DE}.Debug|ARM.Deploy.0 = Debug|Any CPU
		{4F619539-3E10-4942-B702-5CFAEE2BA8DE}.Debug|iPhone.ActiveCfg = Debug|Any CPU
		{4F619539-3E10-4942-B702-5CFAEE2BA8DE}.Debug|iPhone.Build.0 = Debug|Any CPU
		{4F619539-3E10-4942-B702-5CFAEE2BA8DE}.Debug|iPhone.Deploy.0 = Debug|Any CPU
		{4F619539-3E10-4942-B702-5CFAEE2BA8DE}.Debug|iPhoneSimulator.ActiveCfg = Debug|Any CPU
		{4F619539-3E10-4942-B702-5CFAEE2BA8DE}.Debug|iPhoneSimulator.Build.0 = Debug|Any CPU
		{4F619539-3E10-4942-B702-5CFAEE2BA8DE}.Debug|iPhoneSimulator.Deploy.0 = Debug|Any CPU
		{4F619539-3E10-4942-B702-5CFAEE2BA8DE}.Debug|x64.ActiveCfg = Debug|Any CPU
		{4F619539-3E10-4942-B702-5CFAEE2BA8DE}.Debug|x64.Build.0 = Debug|Any CPU
		{4F619539-3E10-4942-B702-5CFAEE2BA8DE}.Debug|x64.Deploy.0 = Debug|Any CPU
		{4F619539-3E10-4942-B702-5CFAEE2BA8DE}.Debug|x86.ActiveCfg = Debug|Any CPU
		{4F619539-3E10-4942-B702-5CFAEE2BA8DE}.Debug|x86.Build.0 = Debug|Any CPU
		{4F619539-3E10-4942-B702-5CFAEE2BA8DE}.Debug|x86.Deploy.0 = Debug|Any CPU
		{4F619539-3E10-4942-B702-5CFAEE2BA8DE}.Release|Any CPU.ActiveCfg = Release|Any CPU
		{4F619539-3E10-4942-B702-5CFAEE2BA8DE}.Release|Any CPU.Build.0 = Release|Any CPU
		{4F619539-3E10-4942-B702-5CFAEE2BA8DE}.Release|Any CPU.Deploy.0 = Release|Any CPU
		{4F619539-3E10-4942-B702-5CFAEE2BA8DE}.Release|ARM.ActiveCfg = Release|Any CPU
		{4F619539-3E10-4942-B702-5CFAEE2BA8DE}.Release|ARM.Build.0 = Release|Any CPU
		{4F619539-3E10-4942-B702-5CFAEE2BA8DE}.Release|ARM.Deploy.0 = Release|Any CPU
		{4F619539-3E10-4942-B702-5CFAEE2BA8DE}.Release|iPhone.ActiveCfg = Release|Any CPU
		{4F619539-3E10-4942-B702-5CFAEE2BA8DE}.Release|iPhone.Build.0 = Release|Any CPU
		{4F619539-3E10-4942-B702-5CFAEE2BA8DE}.Release|iPhone.Deploy.0 = Release|Any CPU
		{4F619539-3E10-4942-B702-5CFAEE2BA8DE}.Release|iPhoneSimulator.ActiveCfg = Release|Any CPU
		{4F619539-3E10-4942-B702-5CFAEE2BA8DE}.Release|iPhoneSimulator.Build.0 = Release|Any CPU
		{4F619539-3E10-4942-B702-5CFAEE2BA8DE}.Release|iPhoneSimulator.Deploy.0 = Release|Any CPU
		{4F619539-3E10-4942-B702-5CFAEE2BA8DE}.Release|x64.ActiveCfg = Release|Any CPU
		{4F619539-3E10-4942-B702-5CFAEE2BA8DE}.Release|x64.Build.0 = Release|Any CPU
		{4F619539-3E10-4942-B702-5CFAEE2BA8DE}.Release|x64.Deploy.0 = Release|Any CPU
		{4F619539-3E10-4942-B702-5CFAEE2BA8DE}.Release|x86.ActiveCfg = Release|Any CPU
		{4F619539-3E10-4942-B702-5CFAEE2BA8DE}.Release|x86.Build.0 = Release|Any CPU
		{4F619539-3E10-4942-B702-5CFAEE2BA8DE}.Release|x86.Deploy.0 = Release|Any CPU
		{7E3A1D4B-E9D3-478B-82F1-9C8B207A895B}.Debug|Any CPU.ActiveCfg = Debug|iPhone
		{7E3A1D4B-E9D3-478B-82F1-9C8B207A895B}.Debug|Any CPU.Build.0 = Debug|iPhone
		{7E3A1D4B-E9D3-478B-82F1-9C8B207A895B}.Debug|Any CPU.Deploy.0 = Debug|iPhone
		{7E3A1D4B-E9D3-478B-82F1-9C8B207A895B}.Debug|ARM.ActiveCfg = Debug|iPhone
		{7E3A1D4B-E9D3-478B-82F1-9C8B207A895B}.Debug|ARM.Build.0 = Debug|iPhone
		{7E3A1D4B-E9D3-478B-82F1-9C8B207A895B}.Debug|ARM.Deploy.0 = Debug|iPhone
		{7E3A1D4B-E9D3-478B-82F1-9C8B207A895B}.Debug|iPhone.ActiveCfg = Debug|iPhone
		{7E3A1D4B-E9D3-478B-82F1-9C8B207A895B}.Debug|iPhone.Build.0 = Debug|iPhone
		{7E3A1D4B-E9D3-478B-82F1-9C8B207A895B}.Debug|iPhone.Deploy.0 = Debug|iPhone
		{7E3A1D4B-E9D3-478B-82F1-9C8B207A895B}.Debug|iPhoneSimulator.ActiveCfg = Debug|iPhoneSimulator
		{7E3A1D4B-E9D3-478B-82F1-9C8B207A895B}.Debug|iPhoneSimulator.Build.0 = Debug|iPhoneSimulator
		{7E3A1D4B-E9D3-478B-82F1-9C8B207A895B}.Debug|iPhoneSimulator.Deploy.0 = Debug|iPhoneSimulator
		{7E3A1D4B-E9D3-478B-82F1-9C8B207A895B}.Debug|x64.ActiveCfg = Debug|iPhone
		{7E3A1D4B-E9D3-478B-82F1-9C8B207A895B}.Debug|x64.Build.0 = Debug|iPhone
		{7E3A1D4B-E9D3-478B-82F1-9C8B207A895B}.Debug|x64.Deploy.0 = Debug|iPhone
		{7E3A1D4B-E9D3-478B-82F1-9C8B207A895B}.Debug|x86.ActiveCfg = Debug|iPhone
		{7E3A1D4B-E9D3-478B-82F1-9C8B207A895B}.Debug|x86.Build.0 = Debug|iPhone
		{7E3A1D4B-E9D3-478B-82F1-9C8B207A895B}.Debug|x86.Deploy.0 = Debug|iPhone
		{7E3A1D4B-E9D3-478B-82F1-9C8B207A895B}.Release|Any CPU.ActiveCfg = Release|iPhone
		{7E3A1D4B-E9D3-478B-82F1-9C8B207A895B}.Release|Any CPU.Build.0 = Release|iPhone
		{7E3A1D4B-E9D3-478B-82F1-9C8B207A895B}.Release|Any CPU.Deploy.0 = Release|iPhone
		{7E3A1D4B-E9D3-478B-82F1-9C8B207A895B}.Release|ARM.ActiveCfg = Release|iPhone
		{7E3A1D4B-E9D3-478B-82F1-9C8B207A895B}.Release|ARM.Build.0 = Release|iPhone
		{7E3A1D4B-E9D3-478B-82F1-9C8B207A895B}.Release|ARM.Deploy.0 = Release|iPhone
		{7E3A1D4B-E9D3-478B-82F1-9C8B207A895B}.Release|iPhone.ActiveCfg = Release|iPhone
		{7E3A1D4B-E9D3-478B-82F1-9C8B207A895B}.Release|iPhone.Build.0 = Release|iPhone
		{7E3A1D4B-E9D3-478B-82F1-9C8B207A895B}.Release|iPhone.Deploy.0 = Release|iPhone
		{7E3A1D4B-E9D3-478B-82F1-9C8B207A895B}.Release|iPhoneSimulator.ActiveCfg = Release|iPhoneSimulator
		{7E3A1D4B-E9D3-478B-82F1-9C8B207A895B}.Release|iPhoneSimulator.Build.0 = Release|iPhoneSimulator
		{7E3A1D4B-E9D3-478B-82F1-9C8B207A895B}.Release|iPhoneSimulator.Deploy.0 = Release|iPhoneSimulator
		{7E3A1D4B-E9D3-478B-82F1-9C8B207A895B}.Release|x64.ActiveCfg = Release|iPhone
		{7E3A1D4B-E9D3-478B-82F1-9C8B207A895B}.Release|x64.Build.0 = Release|iPhone
		{7E3A1D4B-E9D3-478B-82F1-9C8B207A895B}.Release|x64.Deploy.0 = Release|iPhone
		{7E3A1D4B-E9D3-478B-82F1-9C8B207A895B}.Release|x86.ActiveCfg = Release|iPhone
		{7E3A1D4B-E9D3-478B-82F1-9C8B207A895B}.Release|x86.Build.0 = Release|iPhone
		{7E3A1D4B-E9D3-478B-82F1-9C8B207A895B}.Release|x86.Deploy.0 = Release|iPhone
		{63E07B10-C6A1-4BBB-9E9A-64B28799BE75}.Debug|Any CPU.ActiveCfg = Debug|Any CPU
		{63E07B10-C6A1-4BBB-9E9A-64B28799BE75}.Debug|Any CPU.Build.0 = Debug|Any CPU
		{63E07B10-C6A1-4BBB-9E9A-64B28799BE75}.Debug|Any CPU.Deploy.0 = Debug|Any CPU
		{63E07B10-C6A1-4BBB-9E9A-64B28799BE75}.Debug|ARM.ActiveCfg = Debug|Any CPU
		{63E07B10-C6A1-4BBB-9E9A-64B28799BE75}.Debug|ARM.Build.0 = Debug|Any CPU
		{63E07B10-C6A1-4BBB-9E9A-64B28799BE75}.Debug|ARM.Deploy.0 = Debug|Any CPU
		{63E07B10-C6A1-4BBB-9E9A-64B28799BE75}.Debug|iPhone.ActiveCfg = Debug|Any CPU
		{63E07B10-C6A1-4BBB-9E9A-64B28799BE75}.Debug|iPhone.Build.0 = Debug|Any CPU
		{63E07B10-C6A1-4BBB-9E9A-64B28799BE75}.Debug|iPhone.Deploy.0 = Debug|Any CPU
		{63E07B10-C6A1-4BBB-9E9A-64B28799BE75}.Debug|iPhoneSimulator.ActiveCfg = Debug|Any CPU
		{63E07B10-C6A1-4BBB-9E9A-64B28799BE75}.Debug|iPhoneSimulator.Build.0 = Debug|Any CPU
		{63E07B10-C6A1-4BBB-9E9A-64B28799BE75}.Debug|iPhoneSimulator.Deploy.0 = Debug|Any CPU
		{63E07B10-C6A1-4BBB-9E9A-64B28799BE75}.Debug|x64.ActiveCfg = Debug|Any CPU
		{63E07B10-C6A1-4BBB-9E9A-64B28799BE75}.Debug|x64.Build.0 = Debug|Any CPU
		{63E07B10-C6A1-4BBB-9E9A-64B28799BE75}.Debug|x64.Deploy.0 = Debug|Any CPU
		{63E07B10-C6A1-4BBB-9E9A-64B28799BE75}.Debug|x86.ActiveCfg = Debug|Any CPU
		{63E07B10-C6A1-4BBB-9E9A-64B28799BE75}.Debug|x86.Build.0 = Debug|Any CPU
		{63E07B10-C6A1-4BBB-9E9A-64B28799BE75}.Debug|x86.Deploy.0 = Debug|Any CPU
		{63E07B10-C6A1-4BBB-9E9A-64B28799BE75}.Release|Any CPU.ActiveCfg = Release|Any CPU
		{63E07B10-C6A1-4BBB-9E9A-64B28799BE75}.Release|Any CPU.Build.0 = Release|Any CPU
		{63E07B10-C6A1-4BBB-9E9A-64B28799BE75}.Release|Any CPU.Deploy.0 = Release|Any CPU
		{63E07B10-C6A1-4BBB-9E9A-64B28799BE75}.Release|ARM.ActiveCfg = Release|Any CPU
		{63E07B10-C6A1-4BBB-9E9A-64B28799BE75}.Release|ARM.Build.0 = Release|Any CPU
		{63E07B10-C6A1-4BBB-9E9A-64B28799BE75}.Release|ARM.Deploy.0 = Release|Any CPU
		{63E07B10-C6A1-4BBB-9E9A-64B28799BE75}.Release|iPhone.ActiveCfg = Release|Any CPU
		{63E07B10-C6A1-4BBB-9E9A-64B28799BE75}.Release|iPhone.Build.0 = Release|Any CPU
		{63E07B10-C6A1-4BBB-9E9A-64B28799BE75}.Release|iPhone.Deploy.0 = Release|Any CPU
		{63E07B10-C6A1-4BBB-9E9A-64B28799BE75}.Release|iPhoneSimulator.ActiveCfg = Release|Any CPU
		{63E07B10-C6A1-4BBB-9E9A-64B28799BE75}.Release|iPhoneSimulator.Build.0 = Release|Any CPU
		{63E07B10-C6A1-4BBB-9E9A-64B28799BE75}.Release|iPhoneSimulator.Deploy.0 = Release|Any CPU
		{63E07B10-C6A1-4BBB-9E9A-64B28799BE75}.Release|x64.ActiveCfg = Release|Any CPU
		{63E07B10-C6A1-4BBB-9E9A-64B28799BE75}.Release|x64.Build.0 = Release|Any CPU
		{63E07B10-C6A1-4BBB-9E9A-64B28799BE75}.Release|x64.Deploy.0 = Release|Any CPU
		{63E07B10-C6A1-4BBB-9E9A-64B28799BE75}.Release|x86.ActiveCfg = Release|Any CPU
		{63E07B10-C6A1-4BBB-9E9A-64B28799BE75}.Release|x86.Build.0 = Release|Any CPU
		{63E07B10-C6A1-4BBB-9E9A-64B28799BE75}.Release|x86.Deploy.0 = Release|Any CPU
	EndGlobalSection
	GlobalSection(SolutionProperties) = preSolution
		HideSolutionNode = FALSE
	EndGlobalSection
	GlobalSection(ExtensibilityGlobals) = postSolution
		SolutionGuid = {FB506BB3-EBEA-44C5-977C-B5DFD91DEF15}
	EndGlobalSection
EndGlobal
